Microsoft Visual Studio Solution File, Format Version 12.00
# Visual Studio Version 17
VisualStudioVersion = 17.5.2.0
MinimumVisualStudioVersion = 10.0.40219.1
Project("{2150E333-8FDC-42A3-9474-1A3956D46DE8}") = "windows-ui", "windows-ui", "{1420E046-FED7-C078-644A-81F719F6B1B5}"
EndProject
Project("{FAE04EC0-301F-11D3-BF4B-00C04F79EFBC}") = "WebsiteArchiverControlApp", "windows-ui\WebsiteArchiverControlApp\WebsiteArchiverControlApp.csproj", "{4E876825-CEC9-EEE6-0681-F5A1DB87277C}"
EndProject
Global
	GlobalSection(SolutionConfigurationPlatforms) = preSolution
		Debug|Any CPU = Debug|Any CPU
		Release|Any CPU = Release|Any CPU
	EndGlobalSection
	GlobalSection(ProjectConfigurationPlatforms) = postSolution
		{4E876825-CEC9-EEE6-0681-F5A1DB87277C}.Debug|Any CPU.ActiveCfg = Debug|Any CPU
		{4E876825-CEC9-EEE6-0681-F5A1DB87277C}.Debug|Any CPU.Build.0 = Debug|Any CPU
		{4E876825-CEC9-EEE6-0681-F5A1DB87277C}.Release|Any CPU.ActiveCfg = Release|Any CPU
		{4E876825-CEC9-EEE6-0681-F5A1DB87277C}.Release|Any CPU.Build.0 = Release|Any CPU
	EndGlobalSection
	GlobalSection(SolutionProperties) = preSolution
		HideSolutionNode = FALSE
	EndGlobalSection
	GlobalSection(NestedProjects) = preSolution
		{4E876825-CEC9-EEE6-0681-F5A1DB87277C} = {1420E046-FED7-C078-644A-81F719F6B1B5}
	EndGlobalSection
	GlobalSection(ExtensibilityGlobals) = postSolution
		SolutionGuid = {3C56A5F9-4DA3-417A-B0A1-D165A8AF048F}
	EndGlobalSection
EndGlobal
